
Microsoft Visual Studio Solution File, Format Version 12.00
# Visual Studio Version 16
VisualStudioVersion = 16.0.28407.52
MinimumVisualStudioVersion = 10.0.40219.1
Project("{9A19103F-16F7-4668-BE54-9A1E7A4F7556}") = "SharpDX.Desktop", "SharpDX.Desktop\SharpDX.Desktop.csproj", "{2AB56763-2E8B-463C-A9DC-215949CFA74E}"
EndProject
Global
	GlobalSection(SolutionConfigurationPlatforms) = preSolution
		Debug|Any CPU = Debug|Any CPU
		Release|Any CPU = Release|Any CPU
	EndGlobalSection
	GlobalSection(ProjectConfigurationPlatforms) = postSolution
		{2AB56763-2E8B-463C-A9DC-215949CFA74E}.Debug|Any CPU.ActiveCfg = Debug|Any CPU
		{2AB56763-2E8B-463C-A9DC-215949CFA74E}.Debug|Any CPU.Build.0 = Debug|Any CPU
		{2AB56763-2E8B-463C-A9DC-215949CFA74E}.Release|Any CPU.ActiveCfg = Release|Any CPU
		{2AB56763-2E8B-463C-A9DC-215949CFA74E}.Release|Any CPU.Build.0 = Release|Any CPU
	EndGlobalSection
	GlobalSection(SolutionProperties) = preSolution
		HideSolutionNode = FALSE
	EndGlobalSection
	GlobalSection(ExtensibilityGlobals) = postSolution
		SolutionGuid = {4A6896A9-2397-4191-A665-9DB736759002}
	EndGlobalSection
EndGlobal
